# Migration Immutability Lockfile
# Updated: 2026-07-01
#
# PURPOSE: Every line records the SHA-384 of a migration file at the time it was
# declared stable. This file is the source of truth for the migration-guard CI
# workflow and the local check script.
#
# RULES:
#   - Never modify an existing line once the migration has been deployed.
#   - When a NEW migration file is added, append its checksum here as part of the
#     same PR that adds the migration file.
#   - The check script (scripts/check_migration_checksums.sh) will fail CI if
#     any on-disk file diverges from the checksum recorded here.
#
# FORMAT: <sha384>  <filename>   (two spaces, same as sha384sum output)
#
bb40c61f7d5cbeafa7827f2e8878588464e814ed118179bdb3c16e92880c79b2a3db4c92240e632bc8355363a768daf2  001_init_database.sql
f8dbccf1b2534f9b52d9a8d868299dd884ed2bddc23723a668873f6ae73e4af61922641f7af5cd85b09321af11157c00  002_add_tasks_table.sql
7b499ed1be46f44e60eac4910d7367e1a0934491b3077760c07d56c750ddf03fe024217f6db853f4077f39c78fdb0a1b  003_add_document_status_fields.sql
6799cc22aedfa58d8999acac5042d95cff21b053f11740794435fadd89d0ed43fd5f2883823147c5beef7299cdd3bc0f  004_add_conversation_history_table.sql
5cb1e49743e220e396a63932be116f13ecea2b809bb53a3328b43dcf9f119c099d39f3ef6d2195e0810e218706e3ffd4  005_add_audit_log_table.sql
1a40c4fee490a805644819394aae38f06430951d73410aa907c81247b74590a9731e245f89211562ac7ca72441b32d0f  006_add_is_manual_flags.sql
68f25f9d44b0dd276f8c461a562b0a1691ceabba3c1a2216b0cc13ab2e07b68610ba45c12dbafce1fc31040807ab8985  007_add_auth_tables.sql
1ea4ba48a8dc46ed342106c86eaf92b16c3bbad6fee68cbacfe29bcb9166eb8a04dc53511305e9d285b2029bcc66f8d5  008_add_multi_tenancy_tables.sql
4a4bf5dfca58e1446ebd161629b6bf520b6ae1507ba894898dca45ca875e7faea0a7b8f0db4ed4cac176d3f319867551  009_add_rls_policies.sql
8867c5ea7c40945f3159ff33baaad76b9215b646ae411fbb2eb9ffc39682bdda441cf2e9f399d3395a384e1290e5b3b2  010_add_conversations_tables.sql
9967f062a6d6148061b9ab11acfffd8b144330c8d56269da75e0c3a699dda965fb2236d998437eb51626fcb2176318d3  011_tenant_performance_indexes.sql
f50c5ae6d9861910455c70ef10ff1659ee12a65db251c31702ce4d36197a86df6fc16dd4f338f1f58ff80782af00b40c  012_audit_logs_table.sql
b1ffbffc60946e9eab45e492bf3336064bdc8b8279366b7876ce550576d7ca85fc3d991f4447909650c5e8c6b8ff99e2  013_add_age_graph.sql
2ccb19582523a44787b3b858614354af121a6a283af4cdecb9b8edc4e47a04acbad7e582ad5524a306074449425ad61c  014_add_graph_indexes.sql
930cedbea6634f39883462447478d155ee88b90e9e382430988b5c3ee39016f641addcd4d925f8ee262df8027e6d0bd4  015_add_fulltext_search.sql
622f2ec239980871f887a969f2fb471d44a038d75f905f2ea651f4ab381e447c3cfc8ea61d67b6482215dd3c91af6857  016_workspace_metrics_history.sql
e6108dad87fddea7487544ad380acbb6a5eaa0794251847b105770fa066ba98810527e7b6f24d556b5a0283087917b6e  017_add_processing_substates.sql
1f538faa36762ad72045e0056d2783179b6f9e33c093fbe48c2222d5a1dba00364c7de38a5e7ec0449db4927f51a54eb  019_add_tenant_workspace_to_tasks.sql
5887901ab60a93d89c47a8806708f5291fdd150975341b1ba232c17b4ffd885c135ff7e31a239bdd81cdcb01a36daa8e  020_add_circuit_breaker_to_tasks.sql
97d51ddcc76e816f997b42ee88b2b61676abae0d7785ba0d3b6101319ac4bbc65847204da25d4ac4a3b1228faf9b88b0  021_add_failed_chunks_table.sql
a52955c5092497f7d852843cd250fafe5264cfdc44a7fd2375f94ab0b98400742796fb80542cca7aedbb7e6fbceb401f  022_add_pdf_documents_table.sql
0b07f4b06a52fbe9827c10f1bdc9b77a99dda42e8685f8e2d21c41b6386578cad1c5658705e31e4231e608204e12cb11  023_workspace_scoped_content_hash.sql
014d29dd0645a1f4490c01c4cbfae5c3ce120676ca6016006cd2cf236d040b6559dc810105040fade1ccb2798ebefe12  024_fix_task_status_constraint.sql
d3bde8dde9ef5e680d98fdd876ae0eab546502c34dae5e9d0393fc30982d13e0b53196e7e59da4b381c46c1b1ca94053  025_add_pdf_unique_checksum.sql
48cd9aab49e8cef7489fc130f44546a1ca47471d455c4bfd96510e41ee45991a58a37e7e05d8954ed7118ea1c0ab2898  026_fix_task_type_constraint.sql
84b45404cc33cc3c6297af98eb4a174d87649801a97cfe91fc859ea2b548cb94423f13134f6669bcab19eee293f6d8c7  027_add_gin_index_metadata.sql
7a9364d7c3443b2b22d4c485aab50ecfaeebb96c0c69353334ebe247bd6eaf3b5def3d4bbf904a292d915965bae621f9  028_add_vector_materialized_columns.sql
4612f6349c316f318ce610594fb42c3b0522f2c13a77d9f4a75aa7db233ee8e38539129bfa8655cdb37aa3448d615521  029_add_vector_btree_indexes.sql
3d8b7d6afc3a554ef80f91ffd2bc043a95f2306d8d24dc7c4f4d02ea4a6001d9cce3484094eee1d1d474aaeb652b4be2  030_add_server_config.sql
d9a575c647a1c934920ae190c368040b51c80a5edefe66a826a91754eb9a8d70eeab5f278631ad4f422c9ffb7777cce5  031_refresh_edgequake_tasks_view.sql
312cbecb988fca142b1766efe0397b08f23636879268f4cb8576f719db4bf961b0fd9d32c45b3d6394ced89a81891b41  032_fix_document_status_constraints.sql
6130ef1f854edad543c8a156f93782162354b22e1768c98ee063a8913dbac9e75b62cf61bf776b940ac6240c45ab39df  033_add_edgeparse_extraction_method.sql
980d2cc1abee9520417ffecd4799b88771ff6978a9533ca891665678ec8ef062be690ffefb9b8f2f40b80e0fe75e1181  034_fix_pdf_documents_edgeparse_constraint.sql
7f4b3cedf8a047a1cc6f84555965c0aef383e78a147a26d4a3de37dba63dfa5417d1d6c3dca67a2c418075bcd8074621  035_harden_task_compatibility_defaults.sql
fa8b8c346e384ceab9dd1ecd30529edfa344a49e24e31010b0689da7cf31f7e093dffdfeddb3b6c48810159a725e5d4f  036_add_edge_property_indexes.sql
5130438d9c41ca00e9d5fb0fb692b10a15097543b51510b1fa151a7f398f26188fc6c46eaf7fc007be700b3ba33661a9  037_backfill_vector_tenant_workspace_columns.sql
4e2d383f31c46e161ee2da816f9fd637527bc8f6dbdc9845e36a78e09b88dd03fcf99fbb02b906bc0ae0eac17c362f5b  038_add_source_ids_gin_indexes.sql
2822a89fc63fbf8f50d6bbcef73cc6ba695c80af7fcc68859fbdc1de50a744af55f8055f09d4a481890db2276d77344f  039_cqrs_entities_schema.sql
cb69fdf87507a8ac77255e06f4a590a9090d5b36126db7f5358c002355d9cc888091b5827b3bef1706cdec40ff7fdf79  040_entity_backfill_marker.sql
aa95d1d800bb16b92db1c094d1564437d969a485520622ba0e3f4cb9c890ac1266aa966ad2f1702cade4cd9025889adf  041_document_stats_columns.sql
5dc447b289dc62a0152e62d9644b7922c4dd89715fe84402e2529d6bcacc4b7b24378faee091e6e8ef0001ff477c7d2e  042_pgvector_upgrade_marker.sql
e877b2a6ef6f8c13542861249b8fd50297c05592b40f961f02a5c99ab79a549af1f596019a568409c8072ed165b83ba0  043_age_upgrade_marker.sql
8d34eb28e9dfcaf4efbd4b28fde5be401d7f9f0451a13ff3cc189774c364a1f5ee6a474124606608d896b0c5e1a11343  044_community_labels_marker.sql
fd6143e8a8ffd620e88e220d8d04ec1cb8a49ec5eaea4e283175c13cc8769be514b7e02ab009f5c58668a99f13898887  045_vector_content_fts_marker.sql
023418835d6f4722df98e1e714ecef1fd1d88ae15453e175831338500d6491f6ce0a3771a14d1c94b5f371dc173ec069  046_graph_isolation_perf_marker.sql
edf9efe27509ff8beac5711624fe7d436ec45f136334f0c272f07896b45212d253a3a849ea32178fc143f813bd35c113  047_workspace_doc_kv_index_marker.sql
4bef3d9bc52cd63d7d629caed39661ed520164f9e04a290bcb2dd4bf0ca0ed7fe41861c852347957f6efcb55c5d0a458  048_auth_identity_ssot_marker.sql
ac598adf774aae11b5b9f12f5243ac4ec64f5bdcfdc5c9bc697338be673b4215b8ed72b7ead9a579bd76c9a30e2c1057  049_membership_identity_ssot_marker.sql
c126d27196bce379009259c00cc08256cd164930d01102c6f53259b10ea26f85c9d6cb143fddde8317002a028d097103  050_pg_rls_context_ssot_marker.sql
4b8f6dac522dc4f8a30686895412c7497fda57ed8c0e190f13f7cec8af04ece8b694778e4065a3aaed4c97aea391cfc7  051_pg_identity_ssot_primary_marker.sql
9277cd900f4c91d9922f64f481b308bd178f33332b35a1c332b1074ffd361b69abe411117c4a23d8854d5cf8d8e8f9b8  052_pg_session_artifacts_ssot_marker.sql
774de3b47823cb7180c2a11da93b3bffac55c100d8d30cfc6554e7d4e13859b44b41c6a5b56a4895a1de9d08c089ec33  053_pg_auth_kv_reads_removed_marker.sql
365cfdb2610dc7e93996255a35a88ddcd2ff66155c8dc5732db7ba411877502365e92657f8a1317077d86740145faced  054_identity_pg_rls_envelope_marker.sql
652b4aefd2bf9c54fe27d63f0d52883bd6aa2618789d4aa7f822edd60e300fd334c3a96a24a6b46d363acb61d0b597d6  055_auth_secure_by_default_marker.sql
ab109dfe6b20ffc8149351af2a820acad319a33a2d53b8ad4c997a13c0befe1e66dacd10a0b4a3b827df4e386d00d114  056_auth_kv_store_consolidated_marker.sql
7a60d266ec63d46cde79fb1acc1551c8ae8ef6615e88a6b6a61b234eb4d83d0619785ade1346c6112818f10cab7ab57a  057_kv_identity_mirror_deprecated_marker.sql
51fc1882115f320bff4215be976fce1073d77f16ec49c21c4684e8b718519e7f0e98a7b5b30c281677f693ff2abbf666  058_kv_mirror_ignored_with_pg_pool_marker.sql
1754c909599c4d4716769b0146e333b0c001b6bb8f3c11ca5a81b855ac0dbb75948c16a284ff48ccad88eb65ac9bd747  059_pg_only_auth_branch_ssot_marker.sql
ccc4f3fcd1c6ec93be943984f6e30a8aa39063e73bd11f93e8cbfceb30f50498ce58f25e69be6fcd0ad2db75fb2db7b6  060_oauth_oidc_honesty_auth_kv_quarantine_marker.sql
b4013bb27e26a8fed57dca92df6df0bc11b921552394fb323526590acc86c8db602c3ec21689b52bd307784710a53241  061_auth_kv_handler_isolation_marker.sql
52e0b84d9b206cd20ca28139527264bfb8e80970b2fafef697141e6f25bc308fc494325dbb2f6973bb587c6fd58a6d4f  062_auth_mod_identity_ssot_marker.sql
6f6967364b888ca6a448d6458f3e5fbcfde8dc41d499fa4c3a64c88090690635730b173e9ec0c73d0e1cc1e5f049a1b1  063_auth_service_layer_ssot_marker.sql
1f145c1f06c1e6d953c63824b30ce5fdeeddd7bd2832dd43be91a407088be5541efa8935f4575fe8b9b20abd5b30cab2  064_oauth_oidc_builtin_marker.sql
0df422a573a75262b2f6f7d11053a3b2b1302445e01d80839b5d9d0a2224170aad799fb78a365a9d516f39450a18e5ea  065_auth_kv_eliminated_marker.sql
3fae322cc649dcf9162ec03c9ad32c33bee1482929c7aa6ce706d42cb376b20a781b75e35c83aeef3f5cf7dd883fa724  066_chunk_lineage_tables.sql
adeac478eb023d2441ebbc660eb861deddf422065acba4899846fb284bbe88fbe6b6b72b8261cf86e5ecad3de49b4fb5  067_native_graph_write_helpers.sql
beb7676bc4153aa55d64f8a49fd5857e79d09e4f20a6e7d38e1be2fb6df3e7cb1c2ef33d6acd2c4f2949197ebb800293  068_drop_kv_gin_value_index.sql
63f23c0e5099ce40814fc028e01e253e3281c4e041811171400dd60213447e185e33959b119ade49a33e9aa148711456  069_drop_duplicate_fts_index.sql
fb3da5f04713de12bb6dbb092324ca04f9d9a57e10a0d395b6fb3e2f56caceea2f0ed41b0f9ce35ac5c66d2b64807272  070_consolidate_age_indexes.sql
fa6cce9c4b088b5dbc850764887e9bd119f32ceca259611113ab4673b6c3319353ae2b44218a3d312d03e3509f5520ca  071_hnsw_optimize.sql
ea6866172b608633b657ac45ce571078ef090fac03fdff8ee871f213633d08631ba930b78baa2628746d1baef1ccd0f7  072_edge_text_cast_indexes.sql
5220cdac1d0102d0a680ce923895432e04fc50f35e8f96a86900ef524db6713f48ab901a9e08bba6abd85de4fdacacfd  073_drop_vector_metadata_gin.sql
85b6e09e24cd886ba206da86f60e41e3cd3dd90db9707878d6b284db0adf6b334b0ed65cbdbc787a83a0975c761ea6d1  074_native_upsert_unique_indexes.sql
21007ea6b2c7224d32f3202ef2cc3ccca053ad81623e2bf9d963e60e915f746cf0f2d8f96c60004bab609b6accf919a9  075_fix_native_graph_write_helpers.sql
8943a82351b024f0a2ec44c961a9b3728a8ebb20f754793543c5f27734c3ece33351618111b94aec2973d4c3cede188e  076_fix_graphid_cast.sql
9d605a490a45dda31f9fd995753070adf12a7eb89eb533ce988248762194b8b4308127e3918caeb4bff64652fd6cb5fb  077_post_startup_index_cleanup.sql

